{
  "nodes": {
    "flake-parts": {
      "inputs": {
        "nixpkgs-lib": "nixpkgs-lib"
      },
      "locked": {
        "lastModified": 1782949081,
        "narHash": "sha256-vp6Y/Grm98ESt6ceOkWiHWyZRDV3J1RID4w+6NWK9yA=",
        "owner": "hercules-ci",
        "repo": "flake-parts",
        "rev": "17c9d6cdfc60c64f4ee8d306f9bc0b4ccb51481e",
        "type": "github"
      },
      "original": {
        "owner": "hercules-ci",
        "repo": "flake-parts",
        "type": "github"
      }
    },
    "git-linux": {
      "flake": false,
      "locked": {
        "lastModified": 1785532802,
        "narHash": "sha256-zKKCCLtrFxnY2Akmh5nlwCHE75tbpcBZY3e7ckUCesI=",
        "ref": "refs/heads/drm-tip",
        "rev": "493574493ae20ccb191c9626bc12f5173f9b1b0e",
        "revCount": 1465798,
        "type": "git",
        "url": "file:///stuff/foss/tip"
      },
      "original": {
        "type": "git",
        "url": "file:///stuff/foss/tip"
      }
    },
    "git-mesa": {
      "flake": false,
      "locked": {
        "lastModified": 1785519935,
        "narHash": "sha256-LV+aPDcRkpffIWJykKctHpx3xb+C9X1avu++NUDRxd8=",
        "ref": "refs/heads/main",
        "rev": "6c306fd75a9a3bad31ef779f8607d557524e2277",
        "revCount": 227193,
        "type": "git",
        "url": "file:///stuff/foss/mesa"
      },
      "original": {
        "type": "git",
        "url": "file:///stuff/foss/mesa"
      }
    },
    "home-manager": {
      "inputs": {
        "nixpkgs": [
          "nixpkgs"
        ]
      },
      "locked": {
        "lastModified": 1785531816,
        "narHash": "sha256-vkMnV0JIyw+g/NmcfoajlGaAO+9a0ezia+FZohQJrik=",
        "owner": "nix-community",
        "repo": "home-manager",
        "rev": "bf9ce9fec78f95f374e8dd3b503863a3ec128ebe",
        "type": "github"
      },
      "original": {
        "owner": "nix-community",
        "repo": "home-manager",
        "type": "github"
      }
    },
    "import-tree": {
      "locked": {
        "lastModified": 1784254960,
        "narHash": "sha256-iI88R3wHz8wTKQb5orvpc51L/Xr64AJyxid/0MKa/b8=",
        "owner": "vic",
        "repo": "import-tree",
        "rev": "4ebb10ae17d5f1ad366e7aef5b92cb8eecf24f69",
        "type": "github"
      },
      "original": {
        "owner": "vic",
        "repo": "import-tree",
        "type": "github"
      }
    },
    "nixpkgs": {
      "locked": {
        "lastModified": 1785454630,
        "narHash": "sha256-LQy14TZp77TwbQf40gg1V3jo8FwJG0jGDkAH+zRHqg8=",
        "ref": "refs/heads/nixos-unstable",
        "rev": "1559d3daa3ecc813a650b79375ea61b6741b8746",
        "revCount": 1044798,
        "type": "git",
        "url": "file:///stuff/foss/nixpkgs"
      },
      "original": {
        "type": "git",
        "url": "file:///stuff/foss/nixpkgs"
      }
    },
    "nixpkgs-lib": {
      "locked": {
        "lastModified": 1782614948,
        "narHash": "sha256-ePjCwr1sNm9NYUqywL7QfK3JnlS015msC+eBu2zKlp8=",
        "owner": "nix-community",
        "repo": "nixpkgs.lib",
        "rev": "db3f255737b94216eb71cce308e2912cf6bc2d7c",
        "type": "github"
      },
      "original": {
        "owner": "nix-community",
        "repo": "nixpkgs.lib",
        "type": "github"
      }
    },
    "plasma-manager": {
      "inputs": {
        "home-manager": [
          "home-manager"
        ],
        "nixpkgs": [
          "nixpkgs"
        ]
      },
      "locked": {
        "lastModified": 1783574839,
        "narHash": "sha256-ICof1tV4/9XheBLBGf7dhMhfMq4dOs1zwTHrr7zGFlA=",
        "owner": "nix-community",
        "repo": "plasma-manager",
        "rev": "c551f0687658e4bb699cfff6015436ad7ee57a0d",
        "type": "github"
      },
      "original": {
        "owner": "nix-community",
        "repo": "plasma-manager",
        "type": "github"
      }
    },
    "root": {
      "inputs": {
        "flake-parts": "flake-parts",
        "git-linux": "git-linux",
        "git-mesa": "git-mesa",
        "home-manager": "home-manager",
        "import-tree": "import-tree",
        "nixpkgs": "nixpkgs",
        "plasma-manager": "plasma-manager"
      }
    }
  },
  "root": "root",
  "version": 7
}
